
Microsoft Visual Studio Solution File, Format Version 12.00
Project("{FAE04EC0-301F-11D3-BF4B-00C04F79EFBC}") = "RealPattern.Logger", "RealPattern.Logger\RealPattern.Logger.csproj", "{C1A632B2-3A51-44AF-A4F9-D78734D8274C}"
EndProject
Project("{FAE04EC0-301F-11D3-BF4B-00C04F79EFBC}") = "RunApp", "RunApp\RunApp.csproj", "{F8A488D7-FC63-4539-9AD3-79044695831C}"
EndProject
Project("{FAE04EC0-301F-11D3-BF4B-00C04F79EFBC}") = "RealPattern.Middleware", "RealPattern.Middleware\RealPattern.Middleware.csproj", "{381CFA8D-0195-4EC5-8681-5D7449B727EB}"
EndProject
Project("{FAE04EC0-301F-11D3-BF4B-00C04F79EFBC}") = "RealPattern.Composite", "RealPattern.Composite\RealPattern.Composite.csproj", "{96A2A432-9090-41E1-9851-CFFA121C6C03}"
EndProject
Project("{FAE04EC0-301F-11D3-BF4B-00C04F79EFBC}") = "RealPattern.Iterator", "RealPattern.Iterator\RealPattern.Iterator.csproj", "{8BA9563D-6C74-46BB-BD73-C3837E557832}"
EndProject
Project("{FAE04EC0-301F-11D3-BF4B-00C04F79EFBC}") = "RealPattern.ChainOfResponsibility", "RealPattern.ChainOfResponsibility\RealPattern.ChainOfResponsibility.csproj", "{359CF9F0-6006-4C89-BECC-B73B621C21CB}"
EndProject
Project("{FAE04EC0-301F-11D3-BF4B-00C04F79EFBC}") = "RealPattern.Observer", "RealPattern.Observer\RealPattern.Observer.csproj", "{0ECBD4EB-3A6F-4F1E-AE86-A24D4B9549D1}"
EndProject
Global
	GlobalSection(SolutionConfigurationPlatforms) = preSolution
		Debug|Any CPU = Debug|Any CPU
		Release|Any CPU = Release|Any CPU
	EndGlobalSection
	GlobalSection(ProjectConfigurationPlatforms) = postSolution
		{C1A632B2-3A51-44AF-A4F9-D78734D8274C}.Debug|Any CPU.ActiveCfg = Debug|Any CPU
		{C1A632B2-3A51-44AF-A4F9-D78734D8274C}.Debug|Any CPU.Build.0 = Debug|Any CPU
		{C1A632B2-3A51-44AF-A4F9-D78734D8274C}.Release|Any CPU.ActiveCfg = Release|Any CPU
		{C1A632B2-3A51-44AF-A4F9-D78734D8274C}.Release|Any CPU.Build.0 = Release|Any CPU
		{F8A488D7-FC63-4539-9AD3-79044695831C}.Debug|Any CPU.ActiveCfg = Debug|Any CPU
		{F8A488D7-FC63-4539-9AD3-79044695831C}.Debug|Any CPU.Build.0 = Debug|Any CPU
		{F8A488D7-FC63-4539-9AD3-79044695831C}.Release|Any CPU.ActiveCfg = Release|Any CPU
		{F8A488D7-FC63-4539-9AD3-79044695831C}.Release|Any CPU.Build.0 = Release|Any CPU
		{381CFA8D-0195-4EC5-8681-5D7449B727EB}.Debug|Any CPU.ActiveCfg = Debug|Any CPU
		{381CFA8D-0195-4EC5-8681-5D7449B727EB}.Debug|Any CPU.Build.0 = Debug|Any CPU
		{381CFA8D-0195-4EC5-8681-5D7449B727EB}.Release|Any CPU.ActiveCfg = Release|Any CPU
		{381CFA8D-0195-4EC5-8681-5D7449B727EB}.Release|Any CPU.Build.0 = Release|Any CPU
		{96A2A432-9090-41E1-9851-CFFA121C6C03}.Debug|Any CPU.ActiveCfg = Debug|Any CPU
		{96A2A432-9090-41E1-9851-CFFA121C6C03}.Debug|Any CPU.Build.0 = Debug|Any CPU
		{96A2A432-9090-41E1-9851-CFFA121C6C03}.Release|Any CPU.ActiveCfg = Release|Any CPU
		{96A2A432-9090-41E1-9851-CFFA121C6C03}.Release|Any CPU.Build.0 = Release|Any CPU
		{8BA9563D-6C74-46BB-BD73-C3837E557832}.Debug|Any CPU.ActiveCfg = Debug|Any CPU
		{8BA9563D-6C74-46BB-BD73-C3837E557832}.Debug|Any CPU.Build.0 = Debug|Any CPU
		{8BA9563D-6C74-46BB-BD73-C3837E557832}.Release|Any CPU.ActiveCfg = Release|Any CPU
		{8BA9563D-6C74-46BB-BD73-C3837E557832}.Release|Any CPU.Build.0 = Release|Any CPU
		{359CF9F0-6006-4C89-BECC-B73B621C21CB}.Debug|Any CPU.ActiveCfg = Debug|Any CPU
		{359CF9F0-6006-4C89-BECC-B73B621C21CB}.Debug|Any CPU.Build.0 = Debug|Any CPU
		{359CF9F0-6006-4C89-BECC-B73B621C21CB}.Release|Any CPU.ActiveCfg = Release|Any CPU
		{359CF9F0-6006-4C89-BECC-B73B621C21CB}.Release|Any CPU.Build.0 = Release|Any CPU
		{0ECBD4EB-3A6F-4F1E-AE86-A24D4B9549D1}.Debug|Any CPU.ActiveCfg = Debug|Any CPU
		{0ECBD4EB-3A6F-4F1E-AE86-A24D4B9549D1}.Debug|Any CPU.Build.0 = Debug|Any CPU
		{0ECBD4EB-3A6F-4F1E-AE86-A24D4B9549D1}.Release|Any CPU.ActiveCfg = Release|Any CPU
		{0ECBD4EB-3A6F-4F1E-AE86-A24D4B9549D1}.Release|Any CPU.Build.0 = Release|Any CPU
	EndGlobalSection
EndGlobal
